
Microsoft Visual Studio Solution File, Format Version 12.00
# Visual Studio Version 16
VisualStudioVersion = 16.0.31702.278
MinimumVisualStudioVersion = 10.0.40219.1
Project("{FAE04EC0-301F-11D3-BF4B-00C04F79EFBC}") = "Testing", "Testing\Testing.csproj", "{AF062206-47C6-492C-AFF7-F7E1FD37C951}"
EndProject
Global
	GlobalSection(SolutionConfigurationPlatforms) = preSolution
		Debug|Any CPU = Debug|Any CPU
		Release|Any CPU = Release|Any CPU
	EndGlobalSection
	GlobalSection(ProjectConfigurationPlatforms) = postSolution
		{AF062206-47C6-492C-AFF7-F7E1FD37C951}.Debug|Any CPU.ActiveCfg = Debug|Any CPU
		{AF062206-47C6-492C-AFF7-F7E1FD37C951}.Debug|Any CPU.Build.0 = Debug|Any CPU
		{AF062206-47C6-492C-AFF7-F7E1FD37C951}.Release|Any CPU.ActiveCfg = Release|Any CPU
		{AF062206-47C6-492C-AFF7-F7E1FD37C951}.Release|Any CPU.Build.0 = Release|Any CPU
	EndGlobalSection
	GlobalSection(SolutionProperties) = preSolution
		HideSolutionNode = FALSE
	EndGlobalSection
	GlobalSection(ExtensibilityGlobals) = postSolution
		SolutionGuid = {0A3FA6A0-2312-48D5-BFC1-B552C727FB7C}
	EndGlobalSection
EndGlobal
